
Microsoft Visual Studio Solution File, Format Version 12.00
# Visual Studio Version 17
VisualStudioVersion = 17.7.34018.315
MinimumVisualStudioVersion = 10.0.40219.1
Project("{9A19103F-16F7-4668-BE54-9A1E7A4F7556}") = "DesignPatterns.BuilderPattern", "DesignPatterns.BuilderPattern\DesignPatterns.BuilderPattern.csproj", "{7FA04AB7-EBF4-4C6B-9595-5247D1378CE9}"
EndProject
Project("{9A19103F-16F7-4668-BE54-9A1E7A4F7556}") = "DesignPatterns.DecoratorPattern", "DesignPatterns.DecoratorPattern\DesignPatterns.DecoratorPattern.csproj", "{724247A7-B759-4139-B569-83E51AC2EAC0}"
EndProject
Project("{FAE04EC0-301F-11D3-BF4B-00C04F79EFBC}") = "DesignPatterns.SingletonPattern", "DesignPatterns.SingletonPattern\DesignPatterns.SingletonPattern.csproj", "{FE46EA30-6910-457F-BA91-FC78CDBAD0B3}"
EndProject
Project("{FAE04EC0-301F-11D3-BF4B-00C04F79EFBC}") = "DesignPatterns.AdapterPattern", "DesignPatterns.AdapterPattern\DesignPatterns.AdapterPattern.csproj", "{27664F4B-2504-4FFF-89F0-6398C1BBA09B}"
EndProject
Project("{FAE04EC0-301F-11D3-BF4B-00C04F79EFBC}") = "DesignPatterns.StrategyPattern", "DesignPatterns.StrategyPattern\DesignPatterns.StrategyPattern.csproj", "{351204D7-7AB9-4865-88EE-ACEC2AE9AA89}"
EndProject
Project("{FAE04EC0-301F-11D3-BF4B-00C04F79EFBC}") = "DesignPatterns.ObserverPattern", "DesignPatterns.ObserverPattern\DesignPatterns.ObserverPattern.csproj", "{B4EDF867-34E8-4866-BF1F-7164043E4203}"
EndProject
Project("{FAE04EC0-301F-11D3-BF4B-00C04F79EFBC}") = "DesignPatterns.FactoryMethodPattern", "DesignPatterns.FactoryMethodPattern\DesignPatterns.FactoryMethodPattern.csproj", "{2FEBA6E4-1615-474E-A8E1-627935D08496}"
EndProject
Project("{2150E333-8FDC-42A3-9474-1A3956D46DE8}") = "CreationalDesignPatterns", "CreationalDesignPatterns", "{94F21CF3-4076-4560-A5EC-B96DE4CA20D0}"
EndProject
Project("{2150E333-8FDC-42A3-9474-1A3956D46DE8}") = "Singleton", "Singleton", "{B9A8DC76-74F8-43EC-A4CB-7EDA60EBA73B}"
EndProject
Project("{FAE04EC0-301F-11D3-BF4B-00C04F79EFBC}") = "Example", "CreationalDesignPatterns\Singleton\Singleton_Example\Example.csproj", "{7E54CAAD-A80A-4E45-AB0D-8B830F6A01F1}"
EndProject
Project("{FAE04EC0-301F-11D3-BF4B-00C04F79EFBC}") = "AspNetCore_Example", "CreationalDesignPatterns\Singleton\Singleton_AspNetCore_Example\AspNetCore_Example.csproj", "{5EC50AF2-503C-4502-9219-A12AEF44B8BD}"
EndProject
Project("{FAE04EC0-301F-11D3-BF4B-00C04F79EFBC}") = "AsynchronousExample", "AsynchronousExample\AsynchronousExample.csproj", "{FF3E2377-9205-4A0C-A100-D9F390220950}"
EndProject
Project("{54A90642-561A-4BB1-A94E-469ADEE60C69}") = "TypescriptExample", "CreationalDesignPatterns\Singleton\TypescriptExample\TypescriptExample.esproj", "{BAD6F5B2-0375-4B1F-8629-7BE099204425}"
EndProject
Project("{2150E333-8FDC-42A3-9474-1A3956D46DE8}") = "Multiton", "Multiton", "{4A52E77D-66EB-4F34-A18D-E9CB7A61E99F}"
EndProject
Project("{FAE04EC0-301F-11D3-BF4B-00C04F79EFBC}") = "Example", "CreationalDesignPatterns\Multiton\Example\Example.csproj", "{83FC5C28-CC8B-497D-ADDB-F08D1F785630}"
EndProject
Project("{54A90642-561A-4BB1-A94E-469ADEE60C69}") = "TypescriptExample", "CreationalDesignPatterns\Multiton\TypescriptExample\TypescriptExample.esproj", "{5779834D-AEE1-416F-B97E-442D6A72F2B5}"
EndProject
Project("{2150E333-8FDC-42A3-9474-1A3956D46DE8}") = "FactoryMethod", "FactoryMethod", "{F2A9F565-5D10-4AF5-BBD6-E4C0CBE62EED}"
EndProject
Project("{FAE04EC0-301F-11D3-BF4B-00C04F79EFBC}") = "Example", "CreationalDesignPatterns\FactoryMethod\Example\Example.csproj", "{7C655E94-2852-4815-A716-B4BE8F6F3A4E}"
EndProject
Project("{FAE04EC0-301F-11D3-BF4B-00C04F79EFBC}") = "Example2", "CreationalDesignPatterns\FactoryMethod\Example2\Example2.csproj", "{D23B2B74-2D5F-4A32-86DD-9C4ED497907E}"
EndProject
Project("{FAE04EC0-301F-11D3-BF4B-00C04F79EFBC}") = "Example3", "CreationalDesignPatterns\FactoryMethod\Example3\Example3.csproj", "{BC756574-0531-4C60-B92A-06E1CFBC95AC}"
EndProject
Global
	GlobalSection(SolutionConfigurationPlatforms) = preSolution
		Debug|Any CPU = Debug|Any CPU
		Release|Any CPU = Release|Any CPU
	EndGlobalSection
	GlobalSection(ProjectConfigurationPlatforms) = postSolution
		{7FA04AB7-EBF4-4C6B-9595-5247D1378CE9}.Debug|Any CPU.ActiveCfg = Debug|Any CPU
		{7FA04AB7-EBF4-4C6B-9595-5247D1378CE9}.Debug|Any CPU.Build.0 = Debug|Any CPU
		{7FA04AB7-EBF4-4C6B-9595-5247D1378CE9}.Release|Any CPU.ActiveCfg = Release|Any CPU
		{7FA04AB7-EBF4-4C6B-9595-5247D1378CE9}.Release|Any CPU.Build.0 = Release|Any CPU
		{724247A7-B759-4139-B569-83E51AC2EAC0}.Debug|Any CPU.ActiveCfg = Debug|Any CPU
		{724247A7-B759-4139-B569-83E51AC2EAC0}.Debug|Any CPU.Build.0 = Debug|Any CPU
		{724247A7-B759-4139-B569-83E51AC2EAC0}.Release|Any CPU.ActiveCfg = Release|Any CPU
		{724247A7-B759-4139-B569-83E51AC2EAC0}.Release|Any CPU.Build.0 = Release|Any CPU
		{FE46EA30-6910-457F-BA91-FC78CDBAD0B3}.Debug|Any CPU.ActiveCfg = Debug|Any CPU
		{FE46EA30-6910-457F-BA91-FC78CDBAD0B3}.Debug|Any CPU.Build.0 = Debug|Any CPU
		{FE46EA30-6910-457F-BA91-FC78CDBAD0B3}.Release|Any CPU.ActiveCfg = Release|Any CPU
		{FE46EA30-6910-457F-BA91-FC78CDBAD0B3}.Release|Any CPU.Build.0 = Release|Any CPU
		{27664F4B-2504-4FFF-89F0-6398C1BBA09B}.Debug|Any CPU.ActiveCfg = Debug|Any CPU
		{27664F4B-2504-4FFF-89F0-6398C1BBA09B}.Debug|Any CPU.Build.0 = Debug|Any CPU
		{27664F4B-2504-4FFF-89F0-6398C1BBA09B}.Release|Any CPU.ActiveCfg = Release|Any CPU
		{27664F4B-2504-4FFF-89F0-6398C1BBA09B}.Release|Any CPU.Build.0 = Release|Any CPU
		{351204D7-7AB9-4865-88EE-ACEC2AE9AA89}.Debug|Any CPU.ActiveCfg = Debug|Any CPU
		{351204D7-7AB9-4865-88EE-ACEC2AE9AA89}.Debug|Any CPU.Build.0 = Debug|Any CPU
		{351204D7-7AB9-4865-88EE-ACEC2AE9AA89}.Release|Any CPU.ActiveCfg = Release|Any CPU
		{351204D7-7AB9-4865-88EE-ACEC2AE9AA89}.Release|Any CPU.Build.0 = Release|Any CPU
		{B4EDF867-34E8-4866-BF1F-7164043E4203}.Debug|Any CPU.ActiveCfg = Debug|Any CPU
		{B4EDF867-34E8-4866-BF1F-7164043E4203}.Debug|Any CPU.Build.0 = Debug|Any CPU
		{B4EDF867-34E8-4866-BF1F-7164043E4203}.Release|Any CPU.ActiveCfg = Release|Any CPU
		{B4EDF867-34E8-4866-BF1F-7164043E4203}.Release|Any CPU.Build.0 = Release|Any CPU
		{2FEBA6E4-1615-474E-A8E1-627935D08496}.Debug|Any CPU.ActiveCfg = Debug|Any CPU
		{2FEBA6E4-1615-474E-A8E1-627935D08496}.Debug|Any CPU.Build.0 = Debug|Any CPU
		{2FEBA6E4-1615-474E-A8E1-627935D08496}.Release|Any CPU.ActiveCfg = Release|Any CPU
		{2FEBA6E4-1615-474E-A8E1-627935D08496}.Release|Any CPU.Build.0 = Release|Any CPU
		{7E54CAAD-A80A-4E45-AB0D-8B830F6A01F1}.Debug|Any CPU.ActiveCfg = Debug|Any CPU
		{7E54CAAD-A80A-4E45-AB0D-8B830F6A01F1}.Debug|Any CPU.Build.0 = Debug|Any CPU
		{7E54CAAD-A80A-4E45-AB0D-8B830F6A01F1}.Release|Any CPU.ActiveCfg = Release|Any CPU
		{7E54CAAD-A80A-4E45-AB0D-8B830F6A01F1}.Release|Any CPU.Build.0 = Release|Any CPU
		{5EC50AF2-503C-4502-9219-A12AEF44B8BD}.Debug|Any CPU.ActiveCfg = Debug|Any CPU
		{5EC50AF2-503C-4502-9219-A12AEF44B8BD}.Debug|Any CPU.Build.0 = Debug|Any CPU
		{5EC50AF2-503C-4502-9219-A12AEF44B8BD}.Release|Any CPU.ActiveCfg = Release|Any CPU
		{5EC50AF2-503C-4502-9219-A12AEF44B8BD}.Release|Any CPU.Build.0 = Release|Any CPU
		{FF3E2377-9205-4A0C-A100-D9F390220950}.Debug|Any CPU.ActiveCfg = Debug|Any CPU
		{FF3E2377-9205-4A0C-A100-D9F390220950}.Debug|Any CPU.Build.0 = Debug|Any CPU
		{FF3E2377-9205-4A0C-A100-D9F390220950}.Release|Any CPU.ActiveCfg = Release|Any CPU
		{FF3E2377-9205-4A0C-A100-D9F390220950}.Release|Any CPU.Build.0 = Release|Any CPU
		{BAD6F5B2-0375-4B1F-8629-7BE099204425}.Debug|Any CPU.ActiveCfg = Debug|Any CPU
		{BAD6F5B2-0375-4B1F-8629-7BE099204425}.Debug|Any CPU.Build.0 = Debug|Any CPU
		{BAD6F5B2-0375-4B1F-8629-7BE099204425}.Debug|Any CPU.Deploy.0 = Debug|Any CPU
		{BAD6F5B2-0375-4B1F-8629-7BE099204425}.Release|Any CPU.ActiveCfg = Release|Any CPU
		{BAD6F5B2-0375-4B1F-8629-7BE099204425}.Release|Any CPU.Build.0 = Release|Any CPU
		{BAD6F5B2-0375-4B1F-8629-7BE099204425}.Release|Any CPU.Deploy.0 = Release|Any CPU
		{83FC5C28-CC8B-497D-ADDB-F08D1F785630}.Debug|Any CPU.ActiveCfg = Debug|Any CPU
		{83FC5C28-CC8B-497D-ADDB-F08D1F785630}.Debug|Any CPU.Build.0 = Debug|Any CPU
		{83FC5C28-CC8B-497D-ADDB-F08D1F785630}.Release|Any CPU.ActiveCfg = Release|Any CPU
		{83FC5C28-CC8B-497D-ADDB-F08D1F785630}.Release|Any CPU.Build.0 = Release|Any CPU
		{5779834D-AEE1-416F-B97E-442D6A72F2B5}.Debug|Any CPU.ActiveCfg = Debug|Any CPU
		{5779834D-AEE1-416F-B97E-442D6A72F2B5}.Debug|Any CPU.Build.0 = Debug|Any CPU
		{5779834D-AEE1-416F-B97E-442D6A72F2B5}.Debug|Any CPU.Deploy.0 = Debug|Any CPU
		{5779834D-AEE1-416F-B97E-442D6A72F2B5}.Release|Any CPU.ActiveCfg = Release|Any CPU
		{5779834D-AEE1-416F-B97E-442D6A72F2B5}.Release|Any CPU.Build.0 = Release|Any CPU
		{5779834D-AEE1-416F-B97E-442D6A72F2B5}.Release|Any CPU.Deploy.0 = Release|Any CPU
		{7C655E94-2852-4815-A716-B4BE8F6F3A4E}.Debug|Any CPU.ActiveCfg = Debug|Any CPU
		{7C655E94-2852-4815-A716-B4BE8F6F3A4E}.Debug|Any CPU.Build.0 = Debug|Any CPU
		{7C655E94-2852-4815-A716-B4BE8F6F3A4E}.Release|Any CPU.ActiveCfg = Release|Any CPU
		{7C655E94-2852-4815-A716-B4BE8F6F3A4E}.Release|Any CPU.Build.0 = Release|Any CPU
		{D23B2B74-2D5F-4A32-86DD-9C4ED497907E}.Debug|Any CPU.ActiveCfg = Debug|Any CPU
		{D23B2B74-2D5F-4A32-86DD-9C4ED497907E}.Debug|Any CPU.Build.0 = Debug|Any CPU
		{D23B2B74-2D5F-4A32-86DD-9C4ED497907E}.Release|Any CPU.ActiveCfg = Release|Any CPU
		{D23B2B74-2D5F-4A32-86DD-9C4ED497907E}.Release|Any CPU.Build.0 = Release|Any CPU
		{BC756574-0531-4C60-B92A-06E1CFBC95AC}.Debug|Any CPU.ActiveCfg = Debug|Any CPU
		{BC756574-0531-4C60-B92A-06E1CFBC95AC}.Debug|Any CPU.Build.0 = Debug|Any CPU
		{BC756574-0531-4C60-B92A-06E1CFBC95AC}.Release|Any CPU.ActiveCfg = Release|Any CPU
		{BC756574-0531-4C60-B92A-06E1CFBC95AC}.Release|Any CPU.Build.0 = Release|Any CPU
	EndGlobalSection
	GlobalSection(SolutionProperties) = preSolution
		HideSolutionNode = FALSE
	EndGlobalSection
	GlobalSection(NestedProjects) = preSolution
		{B9A8DC76-74F8-43EC-A4CB-7EDA60EBA73B} = {94F21CF3-4076-4560-A5EC-B96DE4CA20D0}
		{7E54CAAD-A80A-4E45-AB0D-8B830F6A01F1} = {B9A8DC76-74F8-43EC-A4CB-7EDA60EBA73B}
		{5EC50AF2-503C-4502-9219-A12AEF44B8BD} = {B9A8DC76-74F8-43EC-A4CB-7EDA60EBA73B}
		{FF3E2377-9205-4A0C-A100-D9F390220950} = {B9A8DC76-74F8-43EC-A4CB-7EDA60EBA73B}
		{BAD6F5B2-0375-4B1F-8629-7BE099204425} = {B9A8DC76-74F8-43EC-A4CB-7EDA60EBA73B}
		{4A52E77D-66EB-4F34-A18D-E9CB7A61E99F} = {94F21CF3-4076-4560-A5EC-B96DE4CA20D0}
		{83FC5C28-CC8B-497D-ADDB-F08D1F785630} = {4A52E77D-66EB-4F34-A18D-E9CB7A61E99F}
		{5779834D-AEE1-416F-B97E-442D6A72F2B5} = {4A52E77D-66EB-4F34-A18D-E9CB7A61E99F}
		{F2A9F565-5D10-4AF5-BBD6-E4C0CBE62EED} = {94F21CF3-4076-4560-A5EC-B96DE4CA20D0}
		{7C655E94-2852-4815-A716-B4BE8F6F3A4E} = {F2A9F565-5D10-4AF5-BBD6-E4C0CBE62EED}
		{D23B2B74-2D5F-4A32-86DD-9C4ED497907E} = {F2A9F565-5D10-4AF5-BBD6-E4C0CBE62EED}
		{BC756574-0531-4C60-B92A-06E1CFBC95AC} = {F2A9F565-5D10-4AF5-BBD6-E4C0CBE62EED}
	EndGlobalSection
	GlobalSection(ExtensibilityGlobals) = postSolution
		SolutionGuid = {CEB886CE-C27B-4706-8ED3-20AE46EAC112}
	EndGlobalSection
EndGlobal
